
Microsoft Visual Studio Solution File, Format Version 12.00
# Visual Studio 15
VisualStudioVersion = 15.0.28307.1340
MinimumVisualStudioVersion = 10.0.40219.1
Project("{FAE04EC0-301F-11D3-BF4B-00C04F79EFBC}") = "IsItALeapYear", "IsItALeapYear\IsItALeapYear.csproj", "{53B22BA6-7DAD-4A11-8F6A-AA662D1B357D}"
EndProject
Project("{FAE04EC0-301F-11D3-BF4B-00C04F79EFBC}") = "UnitTestProject1", "UnitTestProject1\UnitTestProject1.csproj", "{6214D7E2-F4B1-4636-AB22-C94621CC95DF}"
EndProject
Global
	GlobalSection(SolutionConfigurationPlatforms) = preSolution
		Debug|Any CPU = Debug|Any CPU
		Release|Any CPU = Release|Any CPU
	EndGlobalSection
	GlobalSection(ProjectConfigurationPlatforms) = postSolution
		{53B22BA6-7DAD-4A11-8F6A-AA662D1B357D}.Debug|Any CPU.ActiveCfg = Debug|Any CPU
		{53B22BA6-7DAD-4A11-8F6A-AA662D1B357D}.Debug|Any CPU.Build.0 = Debug|Any CPU
		{53B22BA6-7DAD-4A11-8F6A-AA662D1B357D}.Release|Any CPU.ActiveCfg = Release|Any CPU
		{53B22BA6-7DAD-4A11-8F6A-AA662D1B357D}.Release|Any CPU.Build.0 = Release|Any CPU
		{6214D7E2-F4B1-4636-AB22-C94621CC95DF}.Debug|Any CPU.ActiveCfg = Debug|Any CPU
		{6214D7E2-F4B1-4636-AB22-C94621CC95DF}.Debug|Any CPU.Build.0 = Debug|Any CPU
		{6214D7E2-F4B1-4636-AB22-C94621CC95DF}.Release|Any CPU.ActiveCfg = Release|Any CPU
		{6214D7E2-F4B1-4636-AB22-C94621CC95DF}.Release|Any CPU.Build.0 = Release|Any CPU
	EndGlobalSection
	GlobalSection(SolutionProperties) = preSolution
		HideSolutionNode = FALSE
	EndGlobalSection
	GlobalSection(ExtensibilityGlobals) = postSolution
		SolutionGuid = {D000FF93-4624-4A9F-AAC7-9BA8E6451E5F}
	EndGlobalSection
EndGlobal
